
Microsoft Visual Studio Solution File, Format Version 12.00
# Visual Studio Version 17
VisualStudioVersion = 17.14.36414.22 d17.14
MinimumVisualStudioVersion = 10.0.40219.1
Project("{FAE04EC0-301F-11D3-BF4B-00C04F79EFBC}") = "Todo.Core", "Todo.Core\Todo.Core.csproj", "{F6442150-80CD-42BF-9F5E-5BA2CF3F51F0}"
EndProject
Project("{FAE04EC0-301F-11D3-BF4B-00C04F79EFBC}") = "Todo.Core.Tests", "Todo.Core.Tests\Todo.Core.Tests.csproj", "{F75F3425-452A-4645-91FE-1CB91A3E4540}"
	ProjectSection(ProjectDependencies) = postProject
		{F6442150-80CD-42BF-9F5E-5BA2CF3F51F0} = {F6442150-80CD-42BF-9F5E-5BA2CF3F51F0}
	EndProjectSection
EndProject
Global
	GlobalSection(SolutionConfigurationPlatforms) = preSolution
		Debug|Any CPU = Debug|Any CPU
		Release|Any CPU = Release|Any CPU
	EndGlobalSection
	GlobalSection(ProjectConfigurationPlatforms) = postSolution
		{F6442150-80CD-42BF-9F5E-5BA2CF3F51F0}.Debug|Any CPU.ActiveCfg = Debug|Any CPU
		{F6442150-80CD-42BF-9F5E-5BA2CF3F51F0}.Debug|Any CPU.Build.0 = Debug|Any CPU
		{F6442150-80CD-42BF-9F5E-5BA2CF3F51F0}.Release|Any CPU.ActiveCfg = Release|Any CPU
		{F6442150-80CD-42BF-9F5E-5BA2CF3F51F0}.Release|Any CPU.Build.0 = Release|Any CPU
		{F75F3425-452A-4645-91FE-1CB91A3E4540}.Debug|Any CPU.ActiveCfg = Debug|Any CPU
		{F75F3425-452A-4645-91FE-1CB91A3E4540}.Debug|Any CPU.Build.0 = Debug|Any CPU
		{F75F3425-452A-4645-91FE-1CB91A3E4540}.Release|Any CPU.ActiveCfg = Release|Any CPU
		{F75F3425-452A-4645-91FE-1CB91A3E4540}.Release|Any CPU.Build.0 = Release|Any CPU
	EndGlobalSection
	GlobalSection(SolutionProperties) = preSolution
		HideSolutionNode = FALSE
	EndGlobalSection
	GlobalSection(ExtensibilityGlobals) = postSolution
		SolutionGuid = {E9E273B2-2050-4C27-A787-F2D197CCDAEE}
	EndGlobalSection
EndGlobal
